
Microsoft Visual Studio Solution File, Format Version 12.00
# Visual Studio 15
VisualStudioVersion = 15.0.26730.12
MinimumVisualStudioVersion = 10.0.40219.1
Project("{FAE04EC0-301F-11D3-BF4B-00C04F79EFBC}") = "Ajf.LogFileWatcher.Models", "Ajf.LogFileWatcher.Models\Ajf.LogFileWatcher.Models.csproj", "{56A5C031-78D3-4F88-92E3-0B7122F0415E}"
EndProject
Project("{FAE04EC0-301F-11D3-BF4B-00C04F79EFBC}") = "Ajf.LogFileWatcher.Tests", "Ajf.LogFileWatcher.Tests\Ajf.LogFileWatcher.Tests.csproj", "{CD483CC0-4938-4C1B-814F-ABCA18661A29}"
EndProject
Project("{FAE04EC0-301F-11D3-BF4B-00C04F79EFBC}") = "Ajf.LogFileWatcher.Service", "Ajf.LogFileWatcher.Service\Ajf.LogFileWatcher.Service.csproj", "{BB1FA9A3-1399-4795-996E-8C9CE2429F46}"
EndProject
Global
	GlobalSection(SolutionConfigurationPlatforms) = preSolution
		Debug|Any CPU = Debug|Any CPU
		Release|Any CPU = Release|Any CPU
	EndGlobalSection
	GlobalSection(ProjectConfigurationPlatforms) = postSolution
		{56A5C031-78D3-4F88-92E3-0B7122F0415E}.Debug|Any CPU.ActiveCfg = Debug|Any CPU
		{56A5C031-78D3-4F88-92E3-0B7122F0415E}.Debug|Any CPU.Build.0 = Debug|Any CPU
		{56A5C031-78D3-4F88-92E3-0B7122F0415E}.Release|Any CPU.ActiveCfg = Release|Any CPU
		{56A5C031-78D3-4F88-92E3-0B7122F0415E}.Release|Any CPU.Build.0 = Release|Any CPU
		{CD483CC0-4938-4C1B-814F-ABCA18661A29}.Debug|Any CPU.ActiveCfg = Debug|Any CPU
		{CD483CC0-4938-4C1B-814F-ABCA18661A29}.Debug|Any CPU.Build.0 = Debug|Any CPU
		{CD483CC0-4938-4C1B-814F-ABCA18661A29}.Release|Any CPU.ActiveCfg = Release|Any CPU
		{CD483CC0-4938-4C1B-814F-ABCA18661A29}.Release|Any CPU.Build.0 = Release|Any CPU
		{BB1FA9A3-1399-4795-996E-8C9CE2429F46}.Debug|Any CPU.ActiveCfg = Debug|Any CPU
		{BB1FA9A3-1399-4795-996E-8C9CE2429F46}.Debug|Any CPU.Build.0 = Debug|Any CPU
		{BB1FA9A3-1399-4795-996E-8C9CE2429F46}.Release|Any CPU.ActiveCfg = Release|Any CPU
		{BB1FA9A3-1399-4795-996E-8C9CE2429F46}.Release|Any CPU.Build.0 = Release|Any CPU
	EndGlobalSection
	GlobalSection(SolutionProperties) = preSolution
		HideSolutionNode = FALSE
	EndGlobalSection
	GlobalSection(ExtensibilityGlobals) = postSolution
		SolutionGuid = {E1AA5144-FCDA-4953-BA57-D0AC1BE642B5}
	EndGlobalSection
EndGlobal
